
Microsoft Visual Studio Solution File, Format Version 12.00
# Visual Studio Version 17
VisualStudioVersion = 17.6.33801.468
MinimumVisualStudioVersion = 10.0.40219.1
Project("{FAE04EC0-301F-11D3-BF4B-00C04F79EFBC}") = "WSClient", "WSClient\WSClient.csproj", "{91CCF94E-F977-40AA-8DE0-B1BBCC839525}"
EndProject
Global
	GlobalSection(SolutionConfigurationPlatforms) = preSolution
		Debug|Any CPU = Debug|Any CPU
		Release|Any CPU = Release|Any CPU
	EndGlobalSection
	GlobalSection(ProjectConfigurationPlatforms) = postSolution
		{91CCF94E-F977-40AA-8DE0-B1BBCC839525}.Debug|Any CPU.ActiveCfg = Debug|Any CPU
		{91CCF94E-F977-40AA-8DE0-B1BBCC839525}.Debug|Any CPU.Build.0 = Debug|Any CPU
		{91CCF94E-F977-40AA-8DE0-B1BBCC839525}.Release|Any CPU.ActiveCfg = Release|Any CPU
		{91CCF94E-F977-40AA-8DE0-B1BBCC839525}.Release|Any CPU.Build.0 = Release|Any CPU
	EndGlobalSection
	GlobalSection(SolutionProperties) = preSolution
		HideSolutionNode = FALSE
	EndGlobalSection
	GlobalSection(ExtensibilityGlobals) = postSolution
		SolutionGuid = {29E689F1-CA13-4591-9D1E-7DFD89E9A177}
	EndGlobalSection
EndGlobal
