
Microsoft Visual Studio Solution File, Format Version 12.00
# Visual Studio Version 17
VisualStudioVersion = 17.6.33801.468
MinimumVisualStudioVersion = 10.0.40219.1
Project("{FAE04EC0-301F-11D3-BF4B-00C04F79EFBC}") = "OWIN_WebAPI", "OWIN_WebAPI\OWIN_WebAPI.csproj", "{D73643F5-1E13-4DC1-BD11-D424175DC095}"
EndProject
Global
	GlobalSection(SolutionConfigurationPlatforms) = preSolution
		Debug|Any CPU = Debug|Any CPU
		Release|Any CPU = Release|Any CPU
	EndGlobalSection
	GlobalSection(ProjectConfigurationPlatforms) = postSolution
		{D73643F5-1E13-4DC1-BD11-D424175DC095}.Debug|Any CPU.ActiveCfg = Debug|Any CPU
		{D73643F5-1E13-4DC1-BD11-D424175DC095}.Debug|Any CPU.Build.0 = Debug|Any CPU
		{D73643F5-1E13-4DC1-BD11-D424175DC095}.Release|Any CPU.ActiveCfg = Release|Any CPU
		{D73643F5-1E13-4DC1-BD11-D424175DC095}.Release|Any CPU.Build.0 = Release|Any CPU
	EndGlobalSection
	GlobalSection(SolutionProperties) = preSolution
		HideSolutionNode = FALSE
	EndGlobalSection
	GlobalSection(ExtensibilityGlobals) = postSolution
		SolutionGuid = {7F1DB8C8-3D7E-42E5-8C95-3E8D7FE6FCB0}
	EndGlobalSection
EndGlobal
